
Microsoft Visual Studio Solution File, Format Version 12.00
# Visual Studio Version 17
VisualStudioVersion = 17.1.32210.238
MinimumVisualStudioVersion = 10.0.40219.1
Project("{FAE04EC0-301F-11D3-BF4B-00C04F79EFBC}") = "SyntaxSugarConsole", "SyntaxSugarConsole\SyntaxSugarConsole.csproj", "{32DDD59A-3AA1-47E6-B3D2-642627EC8D6C}"
EndProject
Global
	GlobalSection(SolutionConfigurationPlatforms) = preSolution
		Debug|Any CPU = Debug|Any CPU
		Release|Any CPU = Release|Any CPU
	EndGlobalSection
	GlobalSection(ProjectConfigurationPlatforms) = postSolution
		{32DDD59A-3AA1-47E6-B3D2-642627EC8D6C}.Debug|Any CPU.ActiveCfg = Debug|Any CPU
		{32DDD59A-3AA1-47E6-B3D2-642627EC8D6C}.Debug|Any CPU.Build.0 = Debug|Any CPU
		{32DDD59A-3AA1-47E6-B3D2-642627EC8D6C}.Release|Any CPU.ActiveCfg = Release|Any CPU
		{32DDD59A-3AA1-47E6-B3D2-642627EC8D6C}.Release|Any CPU.Build.0 = Release|Any CPU
	EndGlobalSection
	GlobalSection(SolutionProperties) = preSolution
		HideSolutionNode = FALSE
	EndGlobalSection
	GlobalSection(ExtensibilityGlobals) = postSolution
		SolutionGuid = {96597F3F-B294-4B0D-9829-BF1FAB5B10BC}
	EndGlobalSection
EndGlobal
